// !$*UTF8*$!
{
	archiveVersion = 1;
	classes = {
	};
	objectVersion = 56;
	objects = {

/* Begin PBXBuildFile section */
		111111111111111111111101 /* FoodMapApp.swift in Sources */ = {isa = PBXBuildFile; fileRef = 111111111111111111111201 /* FoodMapApp.swift */; };
		111111111111111111111102 /* AppRouter.swift in Sources */ = {isa = PBXBuildFile; fileRef = 111111111111111111111202 /* AppRouter.swift */; };
		111111111111111111111103 /* APIClient.swift in Sources */ = {isa = PBXBuildFile; fileRef = 111111111111111111111203 /* APIClient.swift */; };
		111111111111111111111104 /* APIResponse.swift in Sources */ = {isa = PBXBuildFile; fileRef = 111111111111111111111204 /* APIResponse.swift */; };
		111111111111111111111105 /* NetworkError.swift in Sources */ = {isa = PBXBuildFile; fileRef = 111111111111111111111205 /* NetworkError.swift */; };
		111111111111111111111106 /* AuthSessionStore.swift in Sources */ = {isa = PBXBuildFile; fileRef = 111111111111111111111206 /* AuthSessionStore.swift */; };
		111111111111111111111107 /* AuthTokenStore.swift in Sources */ = {isa = PBXBuildFile; fileRef = 111111111111111111111207 /* AuthTokenStore.swift */; };
		111111111111111111111108 /* KeychainTokenStore.swift in Sources */ = {isa = PBXBuildFile; fileRef = 111111111111111111111208 /* KeychainTokenStore.swift */; };
		111111111111111111111109 /* AuthModels.swift in Sources */ = {isa = PBXBuildFile; fileRef = 111111111111111111111209 /* AuthModels.swift */; };
		11111111111111111111110A /* LoginViewModel.swift in Sources */ = {isa = PBXBuildFile; fileRef = 11111111111111111111120A /* LoginViewModel.swift */; };
		11111111111111111111110B /* LoginView.swift in Sources */ = {isa = PBXBuildFile; fileRef = 11111111111111111111120B /* LoginView.swift */; };
		11111111111111111111110C /* RegisterView.swift in Sources */ = {isa = PBXBuildFile; fileRef = 11111111111111111111120C /* RegisterView.swift */; };
		11111111111111111111110D /* MapHomePlaceholderView.swift in Sources */ = {isa = PBXBuildFile; fileRef = 11111111111111111111120D /* MapHomePlaceholderView.swift */; };
		11111111111111111111110E /* Assets.xcassets in Resources */ = {isa = PBXBuildFile; fileRef = 11111111111111111111120E /* Assets.xcassets */; };
		11111111111111111111110F /* FoodMapTheme.swift in Sources */ = {isa = PBXBuildFile; fileRef = 111111111111111111111210 /* FoodMapTheme.swift */; };
		111111111111111111111110 /* MapHomeModels.swift in Sources */ = {isa = PBXBuildFile; fileRef = 111111111111111111111211 /* MapHomeModels.swift */; };
		111111111111111111111111 /* MapHomeViewModel.swift in Sources */ = {isa = PBXBuildFile; fileRef = 111111111111111111111212 /* MapHomeViewModel.swift */; };
		111111111111111111111112 /* MapHomeView.swift in Sources */ = {isa = PBXBuildFile; fileRef = 111111111111111111111213 /* MapHomeView.swift */; };
		111111111111111111111113 /* APIRequestTimeout.swift in Sources */ = {isa = PBXBuildFile; fileRef = 111111111111111111111214 /* APIRequestTimeout.swift */; };
		111111111111111111111114 /* FoodMapCity.swift in Sources */ = {isa = PBXBuildFile; fileRef = 111111111111111111111215 /* FoodMapCity.swift */; };
		111111111111111111111115 /* CityPreferenceStore.swift in Sources */ = {isa = PBXBuildFile; fileRef = 111111111111111111111216 /* CityPreferenceStore.swift */; };
		111111111111111111111116 /* OfflineMapModels.swift in Sources */ = {isa = PBXBuildFile; fileRef = 111111111111111111111217 /* OfflineMapModels.swift */; };
		111111111111111111111117 /* OfflineMapStateStore.swift in Sources */ = {isa = PBXBuildFile; fileRef = 111111111111111111111218 /* OfflineMapStateStore.swift */; };
		111111111111111111111118 /* BusinessCacheModels.swift in Sources */ = {isa = PBXBuildFile; fileRef = 111111111111111111111219 /* BusinessCacheModels.swift */; };
		111111111111111111111119 /* MapBusinessCacheStore.swift in Sources */ = {isa = PBXBuildFile; fileRef = 11111111111111111111121A /* MapBusinessCacheStore.swift */; };
/* End PBXBuildFile section */

/* Begin PBXFileReference section */
		111111111111111111111200 /* FoodMapApp.app */ = {isa = PBXFileReference; explicitFileType = wrapper.application; includeInIndex = 0; path = FoodMapApp.app; sourceTree = BUILT_PRODUCTS_DIR; };
		111111111111111111111201 /* FoodMapApp.swift */ = {isa = PBXFileReference; lastKnownFileType = sourcecode.swift; path = FoodMapApp.swift; sourceTree = "<group>"; };
		111111111111111111111202 /* AppRouter.swift */ = {isa = PBXFileReference; lastKnownFileType = sourcecode.swift; path = AppRouter.swift; sourceTree = "<group>"; };
		111111111111111111111203 /* APIClient.swift */ = {isa = PBXFileReference; lastKnownFileType = sourcecode.swift; path = APIClient.swift; sourceTree = "<group>"; };
		111111111111111111111204 /* APIResponse.swift */ = {isa = PBXFileReference; lastKnownFileType = sourcecode.swift; path = APIResponse.swift; sourceTree = "<group>"; };
		111111111111111111111205 /* NetworkError.swift */ = {isa = PBXFileReference; lastKnownFileType = sourcecode.swift; path = NetworkError.swift; sourceTree = "<group>"; };
		111111111111111111111206 /* AuthSessionStore.swift */ = {isa = PBXFileReference; lastKnownFileType = sourcecode.swift; path = AuthSessionStore.swift; sourceTree = "<group>"; };
		111111111111111111111207 /* AuthTokenStore.swift */ = {isa = PBXFileReference; lastKnownFileType = sourcecode.swift; path = AuthTokenStore.swift; sourceTree = "<group>"; };
		111111111111111111111208 /* KeychainTokenStore.swift */ = {isa = PBXFileReference; lastKnownFileType = sourcecode.swift; path = KeychainTokenStore.swift; sourceTree = "<group>"; };
		111111111111111111111209 /* AuthModels.swift */ = {isa = PBXFileReference; lastKnownFileType = sourcecode.swift; path = AuthModels.swift; sourceTree = "<group>"; };
		11111111111111111111120A /* LoginViewModel.swift */ = {isa = PBXFileReference; lastKnownFileType = sourcecode.swift; path = LoginViewModel.swift; sourceTree = "<group>"; };
		11111111111111111111120B /* LoginView.swift */ = {isa = PBXFileReference; lastKnownFileType = sourcecode.swift; path = LoginView.swift; sourceTree = "<group>"; };
		11111111111111111111120C /* RegisterView.swift */ = {isa = PBXFileReference; lastKnownFileType = sourcecode.swift; path = RegisterView.swift; sourceTree = "<group>"; };
		11111111111111111111120D /* MapHomePlaceholderView.swift */ = {isa = PBXFileReference; lastKnownFileType = sourcecode.swift; path = MapHomePlaceholderView.swift; sourceTree = "<group>"; };
		11111111111111111111120E /* Assets.xcassets */ = {isa = PBXFileReference; lastKnownFileType = folder.assetcatalog; path = Assets.xcassets; sourceTree = "<group>"; };
		11111111111111111111120F /* Info.plist */ = {isa = PBXFileReference; lastKnownFileType = text.plist.xml; path = Info.plist; sourceTree = "<group>"; };
		111111111111111111111210 /* FoodMapTheme.swift */ = {isa = PBXFileReference; lastKnownFileType = sourcecode.swift; path = FoodMapTheme.swift; sourceTree = "<group>"; };
		111111111111111111111211 /* MapHomeModels.swift */ = {isa = PBXFileReference; lastKnownFileType = sourcecode.swift; path = MapHomeModels.swift; sourceTree = "<group>"; };
		111111111111111111111212 /* MapHomeViewModel.swift */ = {isa = PBXFileReference; lastKnownFileType = sourcecode.swift; path = MapHomeViewModel.swift; sourceTree = "<group>"; };
		111111111111111111111213 /* MapHomeView.swift */ = {isa = PBXFileReference; lastKnownFileType = sourcecode.swift; path = MapHomeView.swift; sourceTree = "<group>"; };
		111111111111111111111214 /* APIRequestTimeout.swift */ = {isa = PBXFileReference; lastKnownFileType = sourcecode.swift; path = APIRequestTimeout.swift; sourceTree = "<group>"; };
		111111111111111111111215 /* FoodMapCity.swift */ = {isa = PBXFileReference; lastKnownFileType = sourcecode.swift; path = FoodMapCity.swift; sourceTree = "<group>"; };
		111111111111111111111216 /* CityPreferenceStore.swift */ = {isa = PBXFileReference; lastKnownFileType = sourcecode.swift; path = CityPreferenceStore.swift; sourceTree = "<group>"; };
		111111111111111111111217 /* OfflineMapModels.swift */ = {isa = PBXFileReference; lastKnownFileType = sourcecode.swift; path = OfflineMapModels.swift; sourceTree = "<group>"; };
		111111111111111111111218 /* OfflineMapStateStore.swift */ = {isa = PBXFileReference; lastKnownFileType = sourcecode.swift; path = OfflineMapStateStore.swift; sourceTree = "<group>"; };
		111111111111111111111219 /* BusinessCacheModels.swift */ = {isa = PBXFileReference; lastKnownFileType = sourcecode.swift; path = BusinessCacheModels.swift; sourceTree = "<group>"; };
		11111111111111111111121A /* MapBusinessCacheStore.swift */ = {isa = PBXFileReference; lastKnownFileType = sourcecode.swift; path = MapBusinessCacheStore.swift; sourceTree = "<group>"; };
/* End PBXFileReference section */

/* Begin PBXFrameworksBuildPhase section */
		111111111111111111111300 /* Frameworks */ = {
			isa = PBXFrameworksBuildPhase;
			buildActionMask = 2147483647;
			files = (
			);
			runOnlyForDeploymentPostprocessing = 0;
		};
/* End PBXFrameworksBuildPhase section */

/* Begin PBXGroup section */
		111111111111111111111400 = {
			isa = PBXGroup;
			children = (
				111111111111111111111401 /* FoodMapApp */,
				111111111111111111111402 /* Products */,
			);
			sourceTree = "<group>";
		};
		111111111111111111111401 /* FoodMapApp */ = {
			isa = PBXGroup;
			children = (
				111111111111111111111403 /* App */,
				111111111111111111111404 /* Core */,
				111111111111111111111407 /* Features */,
				11111111111111111111140A /* Resources */,
			);
			path = FoodMapApp;
			sourceTree = "<group>";
		};
		111111111111111111111402 /* Products */ = {
			isa = PBXGroup;
			children = (
				111111111111111111111200 /* FoodMapApp.app */,
			);
			name = Products;
			sourceTree = "<group>";
		};
		111111111111111111111403 /* App */ = {
			isa = PBXGroup;
			children = (
				111111111111111111111201 /* FoodMapApp.swift */,
				111111111111111111111202 /* AppRouter.swift */,
			);
			path = App;
			sourceTree = "<group>";
		};
		111111111111111111111404 /* Core */ = {
			isa = PBXGroup;
			children = (
				111111111111111111111405 /* Networking */,
				111111111111111111111406 /* Auth */,
				11111111111111111111140C /* City */,
				11111111111111111111140D /* OfflineMap */,
				11111111111111111111140E /* Storage */,
				11111111111111111111140B /* DesignSystem */,
			);
			path = Core;
			sourceTree = "<group>";
		};
		111111111111111111111405 /* Networking */ = {
			isa = PBXGroup;
			children = (
				111111111111111111111203 /* APIClient.swift */,
				111111111111111111111204 /* APIResponse.swift */,
				111111111111111111111205 /* NetworkError.swift */,
				111111111111111111111214 /* APIRequestTimeout.swift */,
			);
			path = Networking;
			sourceTree = "<group>";
		};
		111111111111111111111406 /* Auth */ = {
			isa = PBXGroup;
			children = (
				111111111111111111111206 /* AuthSessionStore.swift */,
				111111111111111111111207 /* AuthTokenStore.swift */,
				111111111111111111111208 /* KeychainTokenStore.swift */,
			);
			path = Auth;
			sourceTree = "<group>";
		};
		11111111111111111111140C /* City */ = {
			isa = PBXGroup;
			children = (
				111111111111111111111215 /* FoodMapCity.swift */,
				111111111111111111111216 /* CityPreferenceStore.swift */,
			);
			path = City;
			sourceTree = "<group>";
		};
		11111111111111111111140D /* OfflineMap */ = {
			isa = PBXGroup;
			children = (
				111111111111111111111217 /* OfflineMapModels.swift */,
				111111111111111111111218 /* OfflineMapStateStore.swift */,
			);
			path = OfflineMap;
			sourceTree = "<group>";
		};
		11111111111111111111140E /* Storage */ = {
			isa = PBXGroup;
			children = (
				111111111111111111111219 /* BusinessCacheModels.swift */,
				11111111111111111111121A /* MapBusinessCacheStore.swift */,
			);
			path = Storage;
			sourceTree = "<group>";
		};
		11111111111111111111140B /* DesignSystem */ = {
			isa = PBXGroup;
			children = (
				111111111111111111111210 /* FoodMapTheme.swift */,
			);
			path = DesignSystem;
			sourceTree = "<group>";
		};
		111111111111111111111407 /* Features */ = {
			isa = PBXGroup;
			children = (
				111111111111111111111408 /* Auth */,
				111111111111111111111409 /* Map */,
			);
			path = Features;
			sourceTree = "<group>";
		};
		111111111111111111111408 /* Auth */ = {
			isa = PBXGroup;
			children = (
				111111111111111111111209 /* AuthModels.swift */,
				11111111111111111111120A /* LoginViewModel.swift */,
				11111111111111111111120B /* LoginView.swift */,
				11111111111111111111120C /* RegisterView.swift */,
			);
			path = Auth;
			sourceTree = "<group>";
		};
		111111111111111111111409 /* Map */ = {
			isa = PBXGroup;
			children = (
				111111111111111111111211 /* MapHomeModels.swift */,
				111111111111111111111212 /* MapHomeViewModel.swift */,
				111111111111111111111213 /* MapHomeView.swift */,
				11111111111111111111120D /* MapHomePlaceholderView.swift */,
			);
			path = Map;
			sourceTree = "<group>";
		};
		11111111111111111111140A /* Resources */ = {
			isa = PBXGroup;
			children = (
				11111111111111111111120E /* Assets.xcassets */,
				11111111111111111111120F /* Info.plist */,
			);
			path = Resources;
			sourceTree = "<group>";
		};
/* End PBXGroup section */

/* Begin PBXNativeTarget section */
		111111111111111111111500 /* FoodMapApp */ = {
			isa = PBXNativeTarget;
			buildConfigurationList = 111111111111111111111900 /* Build configuration list for PBXNativeTarget "FoodMapApp" */;
			buildPhases = (
				111111111111111111111600 /* Sources */,
				111111111111111111111300 /* Frameworks */,
				111111111111111111111700 /* Resources */,
			);
			buildRules = (
			);
			dependencies = (
			);
			name = FoodMapApp;
			productName = FoodMapApp;
			productReference = 111111111111111111111200 /* FoodMapApp.app */;
			productType = "com.apple.product-type.application";
		};
/* End PBXNativeTarget section */

/* Begin PBXProject section */
		111111111111111111111800 /* Project object */ = {
			isa = PBXProject;
			attributes = {
				BuildIndependentTargetsInParallel = 1;
				LastSwiftUpdateCheck = 1500;
				LastUpgradeCheck = 1500;
				TargetAttributes = {
					111111111111111111111500 = {
						CreatedOnToolsVersion = 15.0;
					};
				};
			};
			buildConfigurationList = 111111111111111111111901 /* Build configuration list for PBXProject "FoodMapApp" */;
			compatibilityVersion = "Xcode 14.0";
			developmentRegion = zh-Hans;
			hasScannedForEncodings = 0;
			knownRegions = (
				zh-Hans,
				en,
				Base,
			);
			mainGroup = 111111111111111111111400;
			productRefGroup = 111111111111111111111402 /* Products */;
			projectDirPath = "";
			projectRoot = "";
			targets = (
				111111111111111111111500 /* FoodMapApp */,
			);
		};
/* End PBXProject section */

/* Begin PBXResourcesBuildPhase section */
		111111111111111111111700 /* Resources */ = {
			isa = PBXResourcesBuildPhase;
			buildActionMask = 2147483647;
			files = (
				11111111111111111111110E /* Assets.xcassets in Resources */,
			);
			runOnlyForDeploymentPostprocessing = 0;
		};
/* End PBXResourcesBuildPhase section */

/* Begin PBXSourcesBuildPhase section */
		111111111111111111111600 /* Sources */ = {
			isa = PBXSourcesBuildPhase;
			buildActionMask = 2147483647;
			files = (
				111111111111111111111101 /* FoodMapApp.swift in Sources */,
				111111111111111111111102 /* AppRouter.swift in Sources */,
				111111111111111111111103 /* APIClient.swift in Sources */,
				111111111111111111111104 /* APIResponse.swift in Sources */,
				111111111111111111111105 /* NetworkError.swift in Sources */,
				111111111111111111111106 /* AuthSessionStore.swift in Sources */,
				111111111111111111111107 /* AuthTokenStore.swift in Sources */,
				111111111111111111111108 /* KeychainTokenStore.swift in Sources */,
				111111111111111111111109 /* AuthModels.swift in Sources */,
				11111111111111111111110A /* LoginViewModel.swift in Sources */,
				11111111111111111111110B /* LoginView.swift in Sources */,
				11111111111111111111110C /* RegisterView.swift in Sources */,
				11111111111111111111110D /* MapHomePlaceholderView.swift in Sources */,
				11111111111111111111110F /* FoodMapTheme.swift in Sources */,
				111111111111111111111113 /* APIRequestTimeout.swift in Sources */,
				111111111111111111111114 /* FoodMapCity.swift in Sources */,
				111111111111111111111115 /* CityPreferenceStore.swift in Sources */,
				111111111111111111111116 /* OfflineMapModels.swift in Sources */,
				111111111111111111111117 /* OfflineMapStateStore.swift in Sources */,
				111111111111111111111118 /* BusinessCacheModels.swift in Sources */,
				111111111111111111111119 /* MapBusinessCacheStore.swift in Sources */,
				111111111111111111111110 /* MapHomeModels.swift in Sources */,
				111111111111111111111111 /* MapHomeViewModel.swift in Sources */,
				111111111111111111111112 /* MapHomeView.swift in Sources */,
			);
			runOnlyForDeploymentPostprocessing = 0;
		};
/* End PBXSourcesBuildPhase section */

/* Begin XCBuildConfiguration section */
		111111111111111111111A01 /* Debug */ = {
			isa = XCBuildConfiguration;
			buildSettings = {
				ALWAYS_SEARCH_USER_PATHS = NO;
				CLANG_ANALYZER_NONNULL = YES;
				CLANG_ANALYZER_NUMBER_OBJECT_CONVERSION = YES_AGGRESSIVE;
				CLANG_CXX_LANGUAGE_STANDARD = "gnu++20";
				CLANG_ENABLE_MODULES = YES;
				CLANG_ENABLE_OBJC_ARC = YES;
				CLANG_ENABLE_OBJC_WEAK = YES;
				CLANG_WARN_BLOCK_CAPTURE_AUTORELEASING = YES;
				CLANG_WARN_BOOL_CONVERSION = YES;
				CLANG_WARN_COMMA = YES;
				CLANG_WARN_CONSTANT_CONVERSION = YES;
				CLANG_WARN_DEPRECATED_OBJC_IMPLEMENTATIONS = YES;
				CLANG_WARN_DIRECT_OBJC_ISA_USAGE = YES_ERROR;
				CLANG_WARN_DOCUMENTATION_COMMENTS = YES;
				CLANG_WARN_EMPTY_BODY = YES;
				CLANG_WARN_ENUM_CONVERSION = YES;
				CLANG_WARN_INFINITE_RECURSION = YES;
				CLANG_WARN_INT_CONVERSION = YES;
				CLANG_WARN_NON_LITERAL_NULL_CONVERSION = YES;
				CLANG_WARN_OBJC_IMPLICIT_RETAIN_SELF = YES;
				CLANG_WARN_OBJC_LITERAL_CONVERSION = YES;
				CLANG_WARN_OBJC_ROOT_CLASS = YES_ERROR;
				CLANG_WARN_QUOTED_INCLUDE_IN_FRAMEWORK_HEADER = YES;
				CLANG_WARN_RANGE_LOOP_ANALYSIS = YES;
				CLANG_WARN_STRICT_PROTOTYPES = YES;
				CLANG_WARN_SUSPICIOUS_MOVE = YES;
				CLANG_WARN_UNGUARDED_AVAILABILITY = YES_AGGRESSIVE;
				CLANG_WARN_UNREACHABLE_CODE = YES;
				COPY_PHASE_STRIP = NO;
				DEBUG_INFORMATION_FORMAT = dwarf;
				ENABLE_STRICT_OBJC_MSGSEND = YES;
				ENABLE_TESTABILITY = YES;
				ENABLE_USER_SCRIPT_SANDBOXING = YES;
				GCC_C_LANGUAGE_STANDARD = gnu17;
				GCC_DYNAMIC_NO_PIC = NO;
				GCC_NO_COMMON_BLOCKS = YES;
				GCC_OPTIMIZATION_LEVEL = 0;
				GCC_PREPROCESSOR_DEFINITIONS = (
					"DEBUG=1",
					"$(inherited)",
				);
				GCC_WARN_64_TO_32_BIT_CONVERSION = YES;
				GCC_WARN_ABOUT_RETURN_TYPE = YES_ERROR;
				GCC_WARN_UNDECLARED_SELECTOR = YES;
				GCC_WARN_UNINITIALIZED_AUTOS = YES_AGGRESSIVE;
				GCC_WARN_UNUSED_FUNCTION = YES;
				GCC_WARN_UNUSED_VARIABLE = YES;
				IPHONEOS_DEPLOYMENT_TARGET = 16.0;
				MTL_ENABLE_DEBUG_INFO = INCLUDE_SOURCE;
				MTL_FAST_MATH = YES;
				ONLY_ACTIVE_ARCH = YES;
				SDKROOT = iphoneos;
				SWIFT_ACTIVE_COMPILATION_CONDITIONS = DEBUG;
				SWIFT_OPTIMIZATION_LEVEL = "-Onone";
			};
			name = Debug;
		};
		111111111111111111111A02 /* Release */ = {
			isa = XCBuildConfiguration;
			buildSettings = {
				ALWAYS_SEARCH_USER_PATHS = NO;
				CLANG_ANALYZER_NONNULL = YES;
				CLANG_ANALYZER_NUMBER_OBJECT_CONVERSION = YES_AGGRESSIVE;
				CLANG_CXX_LANGUAGE_STANDARD = "gnu++20";
				CLANG_ENABLE_MODULES = YES;
				CLANG_ENABLE_OBJC_ARC = YES;
				CLANG_ENABLE_OBJC_WEAK = YES;
				CLANG_WARN_BLOCK_CAPTURE_AUTORELEASING = YES;
				CLANG_WARN_BOOL_CONVERSION = YES;
				CLANG_WARN_COMMA = YES;
				CLANG_WARN_CONSTANT_CONVERSION = YES;
				CLANG_WARN_DEPRECATED_OBJC_IMPLEMENTATIONS = YES;
				CLANG_WARN_DIRECT_OBJC_ISA_USAGE = YES_ERROR;
				CLANG_WARN_DOCUMENTATION_COMMENTS = YES;
				CLANG_WARN_EMPTY_BODY = YES;
				CLANG_WARN_ENUM_CONVERSION = YES;
				CLANG_WARN_INFINITE_RECURSION = YES;
				CLANG_WARN_INT_CONVERSION = YES;
				CLANG_WARN_NON_LITERAL_NULL_CONVERSION = YES;
				CLANG_WARN_OBJC_IMPLICIT_RETAIN_SELF = YES;
				CLANG_WARN_OBJC_LITERAL_CONVERSION = YES;
				CLANG_WARN_OBJC_ROOT_CLASS = YES_ERROR;
				CLANG_WARN_QUOTED_INCLUDE_IN_FRAMEWORK_HEADER = YES;
				CLANG_WARN_RANGE_LOOP_ANALYSIS = YES;
				CLANG_WARN_STRICT_PROTOTYPES = YES;
				CLANG_WARN_SUSPICIOUS_MOVE = YES;
				CLANG_WARN_UNGUARDED_AVAILABILITY = YES_AGGRESSIVE;
				CLANG_WARN_UNREACHABLE_CODE = YES;
				COPY_PHASE_STRIP = NO;
				DEBUG_INFORMATION_FORMAT = "dwarf-with-dsym";
				ENABLE_NS_ASSERTIONS = NO;
				ENABLE_STRICT_OBJC_MSGSEND = YES;
				ENABLE_USER_SCRIPT_SANDBOXING = YES;
				GCC_C_LANGUAGE_STANDARD = gnu17;
				GCC_NO_COMMON_BLOCKS = YES;
				GCC_WARN_64_TO_32_BIT_CONVERSION = YES;
				GCC_WARN_ABOUT_RETURN_TYPE = YES_ERROR;
				GCC_WARN_UNDECLARED_SELECTOR = YES;
				GCC_WARN_UNINITIALIZED_AUTOS = YES_AGGRESSIVE;
				GCC_WARN_UNUSED_FUNCTION = YES;
				GCC_WARN_UNUSED_VARIABLE = YES;
				IPHONEOS_DEPLOYMENT_TARGET = 16.0;
				MTL_ENABLE_DEBUG_INFO = NO;
				MTL_FAST_MATH = YES;
				SDKROOT = iphoneos;
				SWIFT_COMPILATION_MODE = wholemodule;
				SWIFT_OPTIMIZATION_LEVEL = "-O";
				VALIDATE_PRODUCT = YES;
			};
			name = Release;
		};
		111111111111111111111A03 /* Debug */ = {
			isa = XCBuildConfiguration;
			buildSettings = {
				ASSETCATALOG_COMPILER_ACCENT_COLOR_NAME = AccentColor;
				ASSETCATALOG_COMPILER_APPICON_NAME = AppIcon;
				CODE_SIGN_STYLE = Automatic;
				CURRENT_PROJECT_VERSION = 1;
				DEVELOPMENT_ASSET_PATHS = "";
				ENABLE_PREVIEWS = YES;
				GENERATE_INFOPLIST_FILE = NO;
				INFOPLIST_FILE = FoodMapApp/Resources/Info.plist;
				IPHONEOS_DEPLOYMENT_TARGET = 16.0;
				LD_RUNPATH_SEARCH_PATHS = (
					"$(inherited)",
					"@executable_path/Frameworks",
				);
				MARKETING_VERSION = 0.1.0;
				PRODUCT_BUNDLE_IDENTIFIER = com.foodmap.FoodMapApp;
				PRODUCT_NAME = "$(TARGET_NAME)";
				SWIFT_EMIT_LOC_STRINGS = YES;
				SWIFT_VERSION = 5.0;
				TARGETED_DEVICE_FAMILY = "1,2";
			};
			name = Debug;
		};
		111111111111111111111A04 /* Release */ = {
			isa = XCBuildConfiguration;
			buildSettings = {
				ASSETCATALOG_COMPILER_ACCENT_COLOR_NAME = AccentColor;
				ASSETCATALOG_COMPILER_APPICON_NAME = AppIcon;
				CODE_SIGN_STYLE = Automatic;
				CURRENT_PROJECT_VERSION = 1;
				DEVELOPMENT_ASSET_PATHS = "";
				ENABLE_PREVIEWS = YES;
				GENERATE_INFOPLIST_FILE = NO;
				INFOPLIST_FILE = FoodMapApp/Resources/Info.plist;
				IPHONEOS_DEPLOYMENT_TARGET = 16.0;
				LD_RUNPATH_SEARCH_PATHS = (
					"$(inherited)",
					"@executable_path/Frameworks",
				);
				MARKETING_VERSION = 0.1.0;
				PRODUCT_BUNDLE_IDENTIFIER = com.foodmap.FoodMapApp;
				PRODUCT_NAME = "$(TARGET_NAME)";
				SWIFT_EMIT_LOC_STRINGS = YES;
				SWIFT_VERSION = 5.0;
				TARGETED_DEVICE_FAMILY = "1,2";
				VALIDATE_PRODUCT = YES;
			};
			name = Release;
		};
/* End XCBuildConfiguration section */

/* Begin XCConfigurationList section */
		111111111111111111111900 /* Build configuration list for PBXNativeTarget "FoodMapApp" */ = {
			isa = XCConfigurationList;
			buildConfigurations = (
				111111111111111111111A03 /* Debug */,
				111111111111111111111A04 /* Release */,
			);
			defaultConfigurationIsVisible = 0;
			defaultConfigurationName = Release;
		};
		111111111111111111111901 /* Build configuration list for PBXProject "FoodMapApp" */ = {
			isa = XCConfigurationList;
			buildConfigurations = (
				111111111111111111111A01 /* Debug */,
				111111111111111111111A02 /* Release */,
			);
			defaultConfigurationIsVisible = 0;
			defaultConfigurationName = Release;
		};
/* End XCConfigurationList section */
	};
	rootObject = 111111111111111111111800 /* Project object */;
}
